# THIS IS AN AUTOGENERATED FILE. DO NOT EDIT THIS FILE DIRECTLY.
# yarn lockfile v1


"@types/esprima@^4.0.3":
  version "4.0.3"
  resolved "https://registry.yarnpkg.com/@types/esprima/-/esprima-4.0.3.tgz#e9068297cc3dd75231fa5cdaa6d75c50d5fb632f"
  integrity sha512-jo14dIWVVtF0iMsKkYek6++4cWJjwpvog+rchLulwgFJGTXqIeTdCOvY0B3yMLTaIwMcKCdJ6mQbSR6wYHy98A==
  dependencies:
    "@types/estree" "*"

"@types/estree@*":
  version "0.0.51"
  resolved "https://registry.yarnpkg.com/@types/estree/-/estree-0.0.51.tgz#cfd70924a25a3fd32b218e5e420e6897e1ac4f40"
  integrity sha512-CuPgU6f3eT/XgKKPqKd/gLZV1Xmvf1a2R5POBOGQa6uv82xpls89HU5zKeVoyR8XzHd1RGNOlQlvUe3CFkjWNQ==

esbuild-android-64@0.14.29:
  version "0.14.29"
  resolved "https://registry.yarnpkg.com/esbuild-android-64/-/esbuild-android-64-0.14.29.tgz#c0960c84c9b832bade20831515e89d32549d4769"
  integrity sha512-tJuaN33SVZyiHxRaVTo1pwW+rn3qetJX/SRuc/83rrKYtyZG0XfsQ1ao1nEudIt9w37ZSNXR236xEfm2C43sbw==

esbuild-android-arm64@0.14.29:
  version "0.14.29"
  resolved "https://registry.yarnpkg.com/esbuild-android-arm64/-/esbuild-android-arm64-0.14.29.tgz#8eceb3abe5abde5489d6a5cbe6a7c1044f71115f"
  integrity sha512-D74dCv6yYnMTlofVy1JKiLM5JdVSQd60/rQfJSDP9qvRAI0laPXIG/IXY1RG6jobmFMUfL38PbFnCqyI/6fPXg==

esbuild-darwin-64@0.14.29:
  version "0.14.29"
  resolved "https://registry.yarnpkg.com/esbuild-darwin-64/-/esbuild-darwin-64-0.14.29.tgz#26f3f14102310ecb8f2d9351c5b7a47a60d2cc8a"
  integrity sha512-+CJaRvfTkzs9t+CjGa0Oa28WoXa7EeLutQhxus+fFcu0MHhsBhlmeWHac3Cc/Sf/xPi1b2ccDFfzGYJCfV0RrA==

esbuild-darwin-arm64@0.14.29:
  version "0.14.29"
  resolved "https://registry.yarnpkg.com/esbuild-darwin-arm64/-/esbuild-darwin-arm64-0.14.29.tgz#6d2d89dfd937992649239711ed5b86e51b13bd89"
  integrity sha512-5Wgz/+zK+8X2ZW7vIbwoZ613Vfr4A8HmIs1XdzRmdC1kG0n5EG5fvKk/jUxhNlrYPx1gSY7XadQ3l4xAManPSw==

esbuild-freebsd-64@0.14.29:
  version "0.14.29"
  resolved "https://registry.yarnpkg.com/esbuild-freebsd-64/-/esbuild-freebsd-64-0.14.29.tgz#2cb41a0765d0040f0838280a213c81bbe62d6394"
  integrity sha512-VTfS7Bm9QA12JK1YXF8+WyYOfvD7WMpbArtDj6bGJ5Sy5xp01c/q70Arkn596aGcGj0TvQRplaaCIrfBG1Wdtg==

esbuild-freebsd-arm64@0.14.29:
  version "0.14.29"
  resolved "https://registry.yarnpkg.com/esbuild-freebsd-arm64/-/esbuild-freebsd-arm64-0.14.29.tgz#e1b79fbb63eaeff324cf05519efa7ff12ce4586a"
  integrity sha512-WP5L4ejwLWWvd3Fo2J5mlXvG3zQHaw5N1KxFGnUc4+2ZFZknP0ST63i0IQhpJLgEJwnQpXv2uZlU1iWZjFqEIg==

esbuild-linux-32@0.14.29:
  version "0.14.29"
  resolved "https://registry.yarnpkg.com/esbuild-linux-32/-/esbuild-linux-32-0.14.29.tgz#a4a5a0b165b15081bc3227986e10dd4943edb7d6"
  integrity sha512-4myeOvFmQBWdI2U1dEBe2DCSpaZyjdQtmjUY11Zu2eQg4ynqLb8Y5mNjNU9UN063aVsCYYfbs8jbken/PjyidA==

esbuild-linux-64@0.14.29:
  version "0.14.29"
  resolved "https://registry.yarnpkg.com/esbuild-linux-64/-/esbuild-linux-64-0.14.29.tgz#4c450088c84f8bfd22c51d116f59416864b85481"
  integrity sha512-iaEuLhssReAKE7HMwxwFJFn7D/EXEs43fFy5CJeA4DGmU6JHh0qVJD2p/UP46DvUXLRKXsXw0i+kv5TdJ1w5pg==

esbuild-linux-arm64@0.14.29:
  version "0.14.29"
  resolved "https://registry.yarnpkg.com/esbuild-linux-arm64/-/esbuild-linux-arm64-0.14.29.tgz#d1a23993b26cb1f63f740329b2fc09218e498bd1"
  integrity sha512-KYf7s8wDfUy+kjKymW3twyGT14OABjGHRkm9gPJ0z4BuvqljfOOUbq9qT3JYFnZJHOgkr29atT//hcdD0Pi7Mw==

esbuild-linux-arm@0.14.29:
  version "0.14.29"
  resolved "https://registry.yarnpkg.com/esbuild-linux-arm/-/esbuild-linux-arm-0.14.29.tgz#a7e2fea558525eab812b1fe27d7a2659cd1bb723"
  integrity sha512-OXa9D9QL1hwrAnYYAHt/cXAuSCmoSqYfTW/0CEY0LgJNyTxJKtqc5mlwjAZAvgyjmha0auS/sQ0bXfGf2wAokQ==

esbuild-linux-mips64le@0.14.29:
  version "0.14.29"
  resolved "https://registry.yarnpkg.com/esbuild-linux-mips64le/-/esbuild-linux-mips64le-0.14.29.tgz#e708c527f0785574e400828cdbed3d9b17b5ddff"
  integrity sha512-05jPtWQMsZ1aMGfHOvnR5KrTvigPbU35BtuItSSWLI2sJu5VrM8Pr9Owym4wPvA4153DFcOJ1EPN/2ujcDt54g==

esbuild-linux-ppc64le@0.14.29:
  version "0.14.29"
  resolved "https://registry.yarnpkg.com/esbuild-linux-ppc64le/-/esbuild-linux-ppc64le-0.14.29.tgz#0137d1b38beae36a57176ef45e90740e734df502"
  integrity sha512-FYhBqn4Ir9xG+f6B5VIQVbRuM4S6qwy29dDNYFPoxLRnwTEKToIYIUESN1qHyUmIbfO0YB4phG2JDV2JDN9Kgw==

esbuild-linux-riscv64@0.14.29:
  version "0.14.29"
  resolved "https://registry.yarnpkg.com/esbuild-linux-riscv64/-/esbuild-linux-riscv64-0.14.29.tgz#a2f73235347a58029dcacf0fb91c9eb8bebc8abb"
  integrity sha512-eqZMqPehkb4nZcffnuOpXJQdGURGd6GXQ4ZsDHSWyIUaA+V4FpMBe+5zMPtXRD2N4BtyzVvnBko6K8IWWr36ew==

esbuild-linux-s390x@0.14.29:
  version "0.14.29"
  resolved "https://registry.yarnpkg.com/esbuild-linux-s390x/-/esbuild-linux-s390x-0.14.29.tgz#0f7310ff1daec463ead9b9e26b7aa083a9f9f1ee"
  integrity sha512-o7EYajF1rC/4ho7kpSG3gENVx0o2SsHm7cJ5fvewWB/TEczWU7teDgusGSujxCYcMottE3zqa423VTglNTYhjg==

esbuild-netbsd-64@0.14.29:
  version "0.14.29"
  resolved "https://registry.yarnpkg.com/esbuild-netbsd-64/-/esbuild-netbsd-64-0.14.29.tgz#ba9a0d9cb8aed73b684825126927f75d4fe44ff9"
  integrity sha512-/esN6tb6OBSot6+JxgeOZeBk6P8V/WdR3GKBFeFpSqhgw4wx7xWUqPrdx4XNpBVO7X4Ipw9SAqgBrWHlXfddww==

esbuild-openbsd-64@0.14.29:
  version "0.14.29"
  resolved "https://registry.yarnpkg.com/esbuild-openbsd-64/-/esbuild-openbsd-64-0.14.29.tgz#36dbe2c32d899106791b5f3af73f359213f71b8a"
  integrity sha512-jUTdDzhEKrD0pLpjmk0UxwlfNJNg/D50vdwhrVcW/D26Vg0hVbthMfb19PJMatzclbK7cmgk1Nu0eNS+abzoHw==

esbuild-sunos-64@0.14.29:
  version "0.14.29"
  resolved "https://registry.yarnpkg.com/esbuild-sunos-64/-/esbuild-sunos-64-0.14.29.tgz#e5f857c121441ec63bf9b399a2131409a7d344e5"
  integrity sha512-EfhQN/XO+TBHTbkxwsxwA7EfiTHFe+MNDfxcf0nj97moCppD9JHPq48MLtOaDcuvrTYOcrMdJVeqmmeQ7doTcg==

esbuild-windows-32@0.14.29:
  version "0.14.29"
  resolved "https://registry.yarnpkg.com/esbuild-windows-32/-/esbuild-windows-32-0.14.29.tgz#9c2f1ab071a828f3901d1d79d205982a74bdda6e"
  integrity sha512-uoyb0YAJ6uWH4PYuYjfGNjvgLlb5t6b3zIaGmpWPOjgpr1Nb3SJtQiK4YCPGhONgfg2v6DcJgSbOteuKXhwqAw==

esbuild-windows-64@0.14.29:
  version "0.14.29"
  resolved "https://registry.yarnpkg.com/esbuild-windows-64/-/esbuild-windows-64-0.14.29.tgz#85fbce7c2492521896451b98d649a7db93e52667"
  integrity sha512-X9cW/Wl95QjsH8WUyr3NqbmfdU72jCp71cH3pwPvI4CgBM2IeOUDdbt6oIGljPu2bf5eGDIo8K3Y3vvXCCTd8A==

esbuild-windows-arm64@0.14.29:
  version "0.14.29"
  resolved "https://registry.yarnpkg.com/esbuild-windows-arm64/-/esbuild-windows-arm64-0.14.29.tgz#0aa7a9a1bc43a63350bcf574d94b639176f065b5"
  integrity sha512-+O/PI+68fbUZPpl3eXhqGHTGK7DjLcexNnyJqtLZXOFwoAjaXlS5UBCvVcR3o2va+AqZTj8o6URaz8D2K+yfQQ==

esbuild@^0.14.11:
  version "0.14.29"
  resolved "https://registry.yarnpkg.com/esbuild/-/esbuild-0.14.29.tgz#24ad09c0674cbcb4aa2fe761485524eb1f6b1419"
  integrity sha512-SQS8cO8xFEqevYlrHt6exIhK853Me4nZ4aMW6ieysInLa0FMAL+AKs87HYNRtR2YWRcEIqoXAHh+Ytt5/66qpg==
  optionalDependencies:
    esbuild-android-64 "0.14.29"
    esbuild-android-arm64 "0.14.29"
    esbuild-darwin-64 "0.14.29"
    esbuild-darwin-arm64 "0.14.29"
    esbuild-freebsd-64 "0.14.29"
    esbuild-freebsd-arm64 "0.14.29"
    esbuild-linux-32 "0.14.29"
    esbuild-linux-64 "0.14.29"
    esbuild-linux-arm "0.14.29"
    esbuild-linux-arm64 "0.14.29"
    esbuild-linux-mips64le "0.14.29"
    esbuild-linux-ppc64le "0.14.29"
    esbuild-linux-riscv64 "0.14.29"
    esbuild-linux-s390x "0.14.29"
    esbuild-netbsd-64 "0.14.29"
    esbuild-openbsd-64 "0.14.29"
    esbuild-sunos-64 "0.14.29"
    esbuild-windows-32 "0.14.29"
    esbuild-windows-64 "0.14.29"
    esbuild-windows-arm64 "0.14.29"

esprima@^4.0.1:
  version "4.0.1"
  resolved "https://registry.yarnpkg.com/esprima/-/esprima-4.0.1.tgz#13b04cdb3e6c5d19df91ab6987a8695619b0aa71"
  integrity sha512-eGuFFw7Upda+g4p+QHvnW0RyTX/SVeJBDM/gCtMARO0cLuT2HcEKnTPvhjV6aGeqrCB/sbNop0Kszm0jsaWU4A==

typescript@^4.5.4:
  version "4.6.3"
  resolved "https://registry.yarnpkg.com/typescript/-/typescript-4.6.3.tgz#eefeafa6afdd31d725584c67a0eaba80f6fc6c6c"
  integrity sha512-yNIatDa5iaofVozS/uQJEl3JRWLKKGJKh6Yaiv0GLGSuhpFJe7P3SbHZ8/yjAHRQwKRoA6YZqlfjXWmVzoVSMw==
